
Microsoft Visual Studio Solution File, Format Version 12.00
# Visual Studio 2015
Project("{FAE04EC0-301F-11D3-BF4B-00C04F79EFBC}") = "VirtualDesignTVShow", "VirtualDesignTVShow.csproj", "{CA06D06C-BE66-CF66-B6EA-EC15A989932F}"
EndProject
Global
	GlobalSection(SolutionConfigurationPlatforms) = preSolution
		Debug|Any CPU = Debug|Any CPU
		Release|Any CPU = Release|Any CPU
	EndGlobalSection
	GlobalSection(ProjectConfigurationPlatforms) = postSolution
		{CA06D06C-BE66-CF66-B6EA-EC15A989932F}.Debug|Any CPU.ActiveCfg = Debug|Any CPU
		{CA06D06C-BE66-CF66-B6EA-EC15A989932F}.Debug|Any CPU.Build.0 = Debug|Any CPU
		{CA06D06C-BE66-CF66-B6EA-EC15A989932F}.Release|Any CPU.ActiveCfg = Release|Any CPU
		{CA06D06C-BE66-CF66-B6EA-EC15A989932F}.Release|Any CPU.Build.0 = Release|Any CPU
	EndGlobalSection
	GlobalSection(SolutionProperties) = preSolution
		HideSolutionNode = FALSE
	EndGlobalSection
EndGlobal
